// !$*UTF8*$!
{
	archiveVersion = 1;
	classes = {
	};
	objectVersion = 56;
	objects = {

/* Begin PBXBuildFile section */
		01BCD7E329F5B1FF00CE2BC7 /* Main.m in Sources */ = {isa = PBXBuildFile; fileRef = 01BCD7E229F5B1FF00CE2BC7 /* Main.m */; };
		01BCD7E629F5B20D00CE2BC7 /* FLEX in Frameworks */ = {isa = PBXBuildFile; productRef = 01BCD7E529F5B20D00CE2BC7 /* FLEX */; };
/* End PBXBuildFile section */

/* Begin PBXFileReference section */
		01BCD7DB29F5B1B000CE2BC7 /* libFLEXAnywhere.dylib */ = {isa = PBXFileReference; explicitFileType = "compiled.mach-o.dylib"; includeInIndex = 0; path = libFLEXAnywhere.dylib; sourceTree = BUILT_PRODUCTS_DIR; };
		01BCD7E229F5B1FF00CE2BC7 /* Main.m */ = {isa = PBXFileReference; lastKnownFileType = sourcecode.c.objc; path = Main.m; sourceTree = "<group>"; };
/* End PBXFileReference section */

/* Begin PBXFrameworksBuildPhase section */
		01BCD7D929F5B1B000CE2BC7 /* Frameworks */ = {
			isa = PBXFrameworksBuildPhase;
			buildActionMask = 2147483647;
			files = (
				01BCD7E629F5B20D00CE2BC7 /* FLEX in Frameworks */,
			);
			runOnlyForDeploymentPostprocessing = 0;
		};
/* End PBXFrameworksBuildPhase section */

/* Begin PBXGroup section */
		01BCD7D229F5B1B000CE2BC7 = {
			isa = PBXGroup;
			children = (
				01BCD7E229F5B1FF00CE2BC7 /* Main.m */,
				01BCD7DC29F5B1B000CE2BC7 /* Products */,
			);
			sourceTree = "<group>";
		};
		01BCD7DC29F5B1B000CE2BC7 /* Products */ = {
			isa = PBXGroup;
			children = (
				01BCD7DB29F5B1B000CE2BC7 /* libFLEXAnywhere.dylib */,
			);
			name = Products;
			sourceTree = "<group>";
		};
/* End PBXGroup section */

/* Begin PBXHeadersBuildPhase section */
		01BCD7D729F5B1B000CE2BC7 /* Headers */ = {
			isa = PBXHeadersBuildPhase;
			buildActionMask = 2147483647;
			files = (
			);
			runOnlyForDeploymentPostprocessing = 0;
		};
/* End PBXHeadersBuildPhase section */

/* Begin PBXNativeTarget section */
		01BCD7DA29F5B1B000CE2BC7 /* FLEXAnywhere */ = {
			isa = PBXNativeTarget;
			buildConfigurationList = 01BCD7DF29F5B1B000CE2BC7 /* Build configuration list for PBXNativeTarget "FLEXAnywhere" */;
			buildPhases = (
				01BCD7D729F5B1B000CE2BC7 /* Headers */,
				01BCD7D829F5B1B000CE2BC7 /* Sources */,
				01BCD7D929F5B1B000CE2BC7 /* Frameworks */,
			);
			buildRules = (
			);
			dependencies = (
			);
			name = FLEXAnywhere;
			packageProductDependencies = (
				01BCD7E529F5B20D00CE2BC7 /* FLEX */,
			);
			productName = FLEXAnywhere;
			productReference = 01BCD7DB29F5B1B000CE2BC7 /* libFLEXAnywhere.dylib */;
			productType = "com.apple.product-type.library.dynamic";
		};
/* End PBXNativeTarget section */

/* Begin PBXProject section */
		01BCD7D329F5B1B000CE2BC7 /* Project object */ = {
			isa = PBXProject;
			attributes = {
				BuildIndependentTargetsInParallel = 1;
				LastUpgradeCheck = 1430;
				TargetAttributes = {
					01BCD7DA29F5B1B000CE2BC7 = {
						CreatedOnToolsVersion = 14.3;
					};
				};
			};
			buildConfigurationList = 01BCD7D629F5B1B000CE2BC7 /* Build configuration list for PBXProject "FLEXAnywhere" */;
			compatibilityVersion = "Xcode 14.0";
			developmentRegion = en;
			hasScannedForEncodings = 0;
			knownRegions = (
				en,
				Base,
			);
			mainGroup = 01BCD7D229F5B1B000CE2BC7;
			packageReferences = (
				01BCD7E429F5B20D00CE2BC7 /* XCRemoteSwiftPackageReference "FLEX" */,
			);
			productRefGroup = 01BCD7DC29F5B1B000CE2BC7 /* Products */;
			projectDirPath = "";
			projectRoot = "";
			targets = (
				01BCD7DA29F5B1B000CE2BC7 /* FLEXAnywhere */,
			);
		};
/* End PBXProject section */

/* Begin PBXSourcesBuildPhase section */
		01BCD7D829F5B1B000CE2BC7 /* Sources */ = {
			isa = PBXSourcesBuildPhase;
			buildActionMask = 2147483647;
			files = (
				01BCD7E329F5B1FF00CE2BC7 /* Main.m in Sources */,
			);
			runOnlyForDeploymentPostprocessing = 0;
		};
/* End PBXSourcesBuildPhase section */

/* Begin XCBuildConfiguration section */
		01BCD7DD29F5B1B000CE2BC7 /* Debug */ = {
			isa = XCBuildConfiguration;
			buildSettings = {
				ALWAYS_SEARCH_USER_PATHS = NO;
				CLANG_ANALYZER_NONNULL = YES;
				CLANG_ANALYZER_NUMBER_OBJECT_CONVERSION = YES_AGGRESSIVE;
				CLANG_CXX_LANGUAGE_STANDARD = "gnu++20";
				CLANG_ENABLE_MODULES = YES;
				CLANG_ENABLE_OBJC_ARC = YES;
				CLANG_ENABLE_OBJC_WEAK = YES;
				CLANG_WARN_BLOCK_CAPTURE_AUTORELEASING = YES;
				CLANG_WARN_BOOL_CONVERSION = YES;
				CLANG_WARN_COMMA = YES;
				CLANG_WARN_CONSTANT_CONVERSION = YES;
				CLANG_WARN_DEPRECATED_OBJC_IMPLEMENTATIONS = YES;
				CLANG_WARN_DIRECT_OBJC_ISA_USAGE = YES_ERROR;
				CLANG_WARN_DOCUMENTATION_COMMENTS = YES;
				CLANG_WARN_EMPTY_BODY = YES;
				CLANG_WARN_ENUM_CONVERSION = YES;
				CLANG_WARN_INFINITE_RECURSION = YES;
				CLANG_WARN_INT_CONVERSION = YES;
				CLANG_WARN_NON_LITERAL_NULL_CONVERSION = YES;
				CLANG_WARN_OBJC_IMPLICIT_RETAIN_SELF = YES;
				CLANG_WARN_OBJC_LITERAL_CONVERSION = YES;
				CLANG_WARN_OBJC_ROOT_CLASS = YES_ERROR;
				CLANG_WARN_QUOTED_INCLUDE_IN_FRAMEWORK_HEADER = YES;
				CLANG_WARN_RANGE_LOOP_ANALYSIS = YES;
				CLANG_WARN_STRICT_PROTOTYPES = YES;
				CLANG_WARN_SUSPICIOUS_MOVE = YES;
				CLANG_WARN_UNGUARDED_AVAILABILITY = YES_AGGRESSIVE;
				CLANG_WARN_UNREACHABLE_CODE = YES;
				CLANG_WARN__DUPLICATE_METHOD_MATCH = YES;
				COPY_PHASE_STRIP = NO;
				DEBUG_INFORMATION_FORMAT = dwarf;
				ENABLE_STRICT_OBJC_MSGSEND = YES;
				ENABLE_TESTABILITY = YES;
				GCC_C_LANGUAGE_STANDARD = gnu11;
				GCC_DYNAMIC_NO_PIC = NO;
				GCC_NO_COMMON_BLOCKS = YES;
				GCC_OPTIMIZATION_LEVEL = 0;
				GCC_PREPROCESSOR_DEFINITIONS = (
					"DEBUG=1",
					"$(inherited)",
				);
				GCC_WARN_64_TO_32_BIT_CONVERSION = YES;
				GCC_WARN_ABOUT_RETURN_TYPE = YES_ERROR;
				GCC_WARN_UNDECLARED_SELECTOR = YES;
				GCC_WARN_UNINITIALIZED_AUTOS = YES_AGGRESSIVE;
				GCC_WARN_UNUSED_FUNCTION = YES;
				GCC_WARN_UNUSED_VARIABLE = YES;
				MACOSX_DEPLOYMENT_TARGET = 13.0;
				MTL_ENABLE_DEBUG_INFO = INCLUDE_SOURCE;
				MTL_FAST_MATH = YES;
				ONLY_ACTIVE_ARCH = YES;
				SDKROOT = macosx;
			};
			name = Debug;
		};
		01BCD7DE29F5B1B000CE2BC7 /* Release */ = {
			isa = XCBuildConfiguration;
			buildSettings = {
				ALWAYS_SEARCH_USER_PATHS = NO;
				CLANG_ANALYZER_NONNULL = YES;
				CLANG_ANALYZER_NUMBER_OBJECT_CONVERSION = YES_AGGRESSIVE;
				CLANG_CXX_LANGUAGE_STANDARD = "gnu++20";
				CLANG_ENABLE_MODULES = YES;
				CLANG_ENABLE_OBJC_ARC = YES;
				CLANG_ENABLE_OBJC_WEAK = YES;
				CLANG_WARN_BLOCK_CAPTURE_AUTORELEASING = YES;
				CLANG_WARN_BOOL_CONVERSION = YES;
				CLANG_WARN_COMMA = YES;
				CLANG_WARN_CONSTANT_CONVERSION = YES;
				CLANG_WARN_DEPRECATED_OBJC_IMPLEMENTATIONS = YES;
				CLANG_WARN_DIRECT_OBJC_ISA_USAGE = YES_ERROR;
				CLANG_WARN_DOCUMENTATION_COMMENTS = YES;
				CLANG_WARN_EMPTY_BODY = YES;
				CLANG_WARN_ENUM_CONVERSION = YES;
				CLANG_WARN_INFINITE_RECURSION = YES;
				CLANG_WARN_INT_CONVERSION = YES;
				CLANG_WARN_NON_LITERAL_NULL_CONVERSION = YES;
				CLANG_WARN_OBJC_IMPLICIT_RETAIN_SELF = YES;
				CLANG_WARN_OBJC_LITERAL_CONVERSION = YES;
				CLANG_WARN_OBJC_ROOT_CLASS = YES_ERROR;
				CLANG_WARN_QUOTED_INCLUDE_IN_FRAMEWORK_HEADER = YES;
				CLANG_WARN_RANGE_LOOP_ANALYSIS = YES;
				CLANG_WARN_STRICT_PROTOTYPES = YES;
				CLANG_WARN_SUSPICIOUS_MOVE = YES;
				CLANG_WARN_UNGUARDED_AVAILABILITY = YES_AGGRESSIVE;
				CLANG_WARN_UNREACHABLE_CODE = YES;
				CLANG_WARN__DUPLICATE_METHOD_MATCH = YES;
				COPY_PHASE_STRIP = NO;
				DEBUG_INFORMATION_FORMAT = "dwarf-with-dsym";
				ENABLE_NS_ASSERTIONS = NO;
				ENABLE_STRICT_OBJC_MSGSEND = YES;
				GCC_C_LANGUAGE_STANDARD = gnu11;
				GCC_NO_COMMON_BLOCKS = YES;
				GCC_WARN_64_TO_32_BIT_CONVERSION = YES;
				GCC_WARN_ABOUT_RETURN_TYPE = YES_ERROR;
				GCC_WARN_UNDECLARED_SELECTOR = YES;
				GCC_WARN_UNINITIALIZED_AUTOS = YES_AGGRESSIVE;
				GCC_WARN_UNUSED_FUNCTION = YES;
				GCC_WARN_UNUSED_VARIABLE = YES;
				MACOSX_DEPLOYMENT_TARGET = 13.0;
				MTL_ENABLE_DEBUG_INFO = NO;
				MTL_FAST_MATH = YES;
				SDKROOT = macosx;
			};
			name = Release;
		};
		01BCD7E029F5B1B000CE2BC7 /* Debug */ = {
			isa = XCBuildConfiguration;
			buildSettings = {
				CODE_SIGN_STYLE = Automatic;
				DEVELOPMENT_TEAM = 3G4595GUAV;
				DYLIB_COMPATIBILITY_VERSION = 1;
				DYLIB_CURRENT_VERSION = 1;
				EXECUTABLE_PREFIX = lib;
				IPHONEOS_DEPLOYMENT_TARGET = 15.0;
				PRODUCT_NAME = "$(TARGET_NAME)";
				SDKROOT = iphoneos;
				SKIP_INSTALL = YES;
				SUPPORTS_MACCATALYST = NO;
				SUPPORTS_MAC_DESIGNED_FOR_IPHONE_IPAD = NO;
			};
			name = Debug;
		};
		01BCD7E129F5B1B000CE2BC7 /* Release */ = {
			isa = XCBuildConfiguration;
			buildSettings = {
				CODE_SIGN_STYLE = Automatic;
				DEVELOPMENT_TEAM = 3G4595GUAV;
				DYLIB_COMPATIBILITY_VERSION = 1;
				DYLIB_CURRENT_VERSION = 1;
				EXECUTABLE_PREFIX = lib;
				IPHONEOS_DEPLOYMENT_TARGET = 15.0;
				PRODUCT_NAME = "$(TARGET_NAME)";
				SDKROOT = iphoneos;
				SKIP_INSTALL = YES;
				SUPPORTS_MACCATALYST = NO;
				SUPPORTS_MAC_DESIGNED_FOR_IPHONE_IPAD = NO;
			};
			name = Release;
		};
/* End XCBuildConfiguration section */

/* Begin XCConfigurationList section */
		01BCD7D629F5B1B000CE2BC7 /* Build configuration list for PBXProject "FLEXAnywhere" */ = {
			isa = XCConfigurationList;
			buildConfigurations = (
				01BCD7DD29F5B1B000CE2BC7 /* Debug */,
				01BCD7DE29F5B1B000CE2BC7 /* Release */,
			);
			defaultConfigurationIsVisible = 0;
			defaultConfigurationName = Release;
		};
		01BCD7DF29F5B1B000CE2BC7 /* Build configuration list for PBXNativeTarget "FLEXAnywhere" */ = {
			isa = XCConfigurationList;
			buildConfigurations = (
				01BCD7E029F5B1B000CE2BC7 /* Debug */,
				01BCD7E129F5B1B000CE2BC7 /* Release */,
			);
			defaultConfigurationIsVisible = 0;
			defaultConfigurationName = Release;
		};
/* End XCConfigurationList section */

/* Begin XCRemoteSwiftPackageReference section */
		01BCD7E429F5B20D00CE2BC7 /* XCRemoteSwiftPackageReference "FLEX" */ = {
			isa = XCRemoteSwiftPackageReference;
			repositoryURL = "https://github.com/FLEXTool/FLEX.git";
			requirement = {
				kind = upToNextMajorVersion;
				minimumVersion = 5.0.0;
			};
		};
/* End XCRemoteSwiftPackageReference section */

/* Begin XCSwiftPackageProductDependency section */
		01BCD7E529F5B20D00CE2BC7 /* FLEX */ = {
			isa = XCSwiftPackageProductDependency;
			package = 01BCD7E429F5B20D00CE2BC7 /* XCRemoteSwiftPackageReference "FLEX" */;
			productName = FLEX;
		};
/* End XCSwiftPackageProductDependency section */
	};
	rootObject = 01BCD7D329F5B1B000CE2BC7 /* Project object */;
}
